Microsoft Visual Studio Solution File, Format Version 11.00
# Visual Studio 2008

Project("{27547406-09D9-B675-B22C-2ADD6619460B}") = "Space44", "Assembly-CSharp.csproj", "{13608AA8-27C8-D207-E913-EC08EC4D4EEA}"
EndProject
Project("{27547406-09D9-B675-B22C-2ADD6619460B}") = "Space44", "Assembly-UnityScript-firstpass.unityproj", "{2024C3AA-A78D-D42C-67C8-651BF5AEE464}"
EndProject
Global
	GlobalSection(SolutionConfigurationPlatforms) = preSolution
		Debug|Any CPU = Debug|Any CPU
		Release|Any CPU = Release|Any CPU
	EndGlobalSection
	GlobalSection(ProjectConfigurationPlatforms) = postSolution
		{13608AA8-27C8-D207-E913-EC08EC4D4EEA}.Debug|Any CPU.ActiveCfg = Debug|Any CPU
		{13608AA8-27C8-D207-E913-EC08EC4D4EEA}.Debug|Any CPU.Build.0 = Debug|Any CPU
		{13608AA8-27C8-D207-E913-EC08EC4D4EEA}.Release|Any CPU.ActiveCfg = Release|Any CPU
		{13608AA8-27C8-D207-E913-EC08EC4D4EEA}.Release|Any CPU.Build.0 = Release|Any CPU
		{2024C3AA-A78D-D42C-67C8-651BF5AEE464}.Debug|Any CPU.ActiveCfg = Debug|Any CPU
		{2024C3AA-A78D-D42C-67C8-651BF5AEE464}.Debug|Any CPU.Build.0 = Debug|Any CPU
		{2024C3AA-A78D-D42C-67C8-651BF5AEE464}.Release|Any CPU.ActiveCfg = Release|Any CPU
		{2024C3AA-A78D-D42C-67C8-651BF5AEE464}.Release|Any CPU.Build.0 = Release|Any CPU
	EndGlobalSection
	GlobalSection(SolutionProperties) = preSolution
		HideSolutionNode = FALSE
	EndGlobalSection
																																																																																																																																																				GlobalSection(MonoDevelopProperties) = preSolution
		StartupItem = Assembly-CSharp.csproj
		Policies = $0
		$0.TextStylePolicy = $1
		$1.inheritsSet = null
		$1.scope = text/x-csharp
		$0.CSharpFormattingPolicy = $2
		$2.inheritsSet = Mono
		$2.inheritsScope = text/x-csharp
		$2.scope = text/x-csharp
		$0.TextStylePolicy = $3
		$3.FileWidth = 120
		$3.TabWidth = 4
		$3.EolMarker = Unix
		$3.inheritsSet = Mono
		$3.inheritsScope = text/plain
		$3.scope = text/plain
	EndGlobalSection

EndGlobal
